
Microsoft Visual Studio Solution File, Format Version 12.00
# Visual Studio 14
VisualStudioVersion = 14.0.24720.0
MinimumVisualStudioVersion = 10.0.40219.1
Project("{CC5FD16D-436D-48AD-A40C-5A424C6E3E79}") = "webcrawler", "webcrawler\webcrawler.ccproj", "{214DE59A-B4B9-41C9-B284-8F2B68BBC3FA}"
EndProject
Project("{FAE04EC0-301F-11D3-BF4B-00C04F79EFBC}") = "WebRole1", "WebRole1\WebRole1.csproj", "{F3F27D0B-89F8-4335-A1E5-13EED4B25DE1}"
EndProject
Project("{FAE04EC0-301F-11D3-BF4B-00C04F79EFBC}") = "WorkerRole1", "WorkerRole1\WorkerRole1.csproj", "{29BA1910-272F-4D64-BA44-70D55835A320}"
EndProject
Project("{FAE04EC0-301F-11D3-BF4B-00C04F79EFBC}") = "ClassLibrary1", "ClassLibrary1\ClassLibrary1.csproj", "{B6B4EEB1-8CAB-4018-9B65-3DCFF3496BEC}"
EndProject
Global
	GlobalSection(SolutionConfigurationPlatforms) = preSolution
		Debug|Any CPU = Debug|Any CPU
		Release|Any CPU = Release|Any CPU
	EndGlobalSection
	GlobalSection(ProjectConfigurationPlatforms) = postSolution
		{214DE59A-B4B9-41C9-B284-8F2B68BBC3FA}.Debug|Any CPU.ActiveCfg = Debug|Any CPU
		{214DE59A-B4B9-41C9-B284-8F2B68BBC3FA}.Debug|Any CPU.Build.0 = Debug|Any CPU
		{214DE59A-B4B9-41C9-B284-8F2B68BBC3FA}.Release|Any CPU.ActiveCfg = Release|Any CPU
		{214DE59A-B4B9-41C9-B284-8F2B68BBC3FA}.Release|Any CPU.Build.0 = Release|Any CPU
		{F3F27D0B-89F8-4335-A1E5-13EED4B25DE1}.Debug|Any CPU.ActiveCfg = Debug|Any CPU
		{F3F27D0B-89F8-4335-A1E5-13EED4B25DE1}.Debug|Any CPU.Build.0 = Debug|Any CPU
		{F3F27D0B-89F8-4335-A1E5-13EED4B25DE1}.Release|Any CPU.ActiveCfg = Release|Any CPU
		{F3F27D0B-89F8-4335-A1E5-13EED4B25DE1}.Release|Any CPU.Build.0 = Release|Any CPU
		{29BA1910-272F-4D64-BA44-70D55835A320}.Debug|Any CPU.ActiveCfg = Debug|Any CPU
		{29BA1910-272F-4D64-BA44-70D55835A320}.Debug|Any CPU.Build.0 = Debug|Any CPU
		{29BA1910-272F-4D64-BA44-70D55835A320}.Release|Any CPU.ActiveCfg = Release|Any CPU
		{29BA1910-272F-4D64-BA44-70D55835A320}.Release|Any CPU.Build.0 = Release|Any CPU
		{B6B4EEB1-8CAB-4018-9B65-3DCFF3496BEC}.Debug|Any CPU.ActiveCfg = Debug|Any CPU
		{B6B4EEB1-8CAB-4018-9B65-3DCFF3496BEC}.Debug|Any CPU.Build.0 = Debug|Any CPU
		{B6B4EEB1-8CAB-4018-9B65-3DCFF3496BEC}.Release|Any CPU.ActiveCfg = Release|Any CPU
		{B6B4EEB1-8CAB-4018-9B65-3DCFF3496BEC}.Release|Any CPU.Build.0 = Release|Any CPU
	EndGlobalSection
	GlobalSection(SolutionProperties) = preSolution
		HideSolutionNode = FALSE
	EndGlobalSection
EndGlobal
